
Microsoft Visual Studio Solution File, Format Version 12.00
# Visual Studio Version 17
VisualStudioVersion = 17.0.31903.59
MinimumVisualStudioVersion = 10.0.40219.1
Project("{9A19103F-16F7-4668-BE54-9A1E7A4F7556}") = "Notification", "Notification\Notification.csproj", "{A5BA3392-19C1-4BDA-8096-FCD4D0410316}"
EndProject
Project("{E53339B2-1760-4266-BCC7-CA923CBCF16C}") = "docker-compose", "docker-compose.dcproj", "{F7958435-E980-4F65-BA68-1BEC6FC41D60}"
EndProject
Global
	GlobalSection(SolutionConfigurationPlatforms) = preSolution
		Debug|Any CPU = Debug|Any CPU
		Release|Any CPU = Release|Any CPU
	EndGlobalSection
	GlobalSection(ProjectConfigurationPlatforms) = postSolution
		{A5BA3392-19C1-4BDA-8096-FCD4D0410316}.Debug|Any CPU.ActiveCfg = Debug|Any CPU
		{A5BA3392-19C1-4BDA-8096-FCD4D0410316}.Debug|Any CPU.Build.0 = Debug|Any CPU
		{A5BA3392-19C1-4BDA-8096-FCD4D0410316}.Release|Any CPU.ActiveCfg = Release|Any CPU
		{A5BA3392-19C1-4BDA-8096-FCD4D0410316}.Release|Any CPU.Build.0 = Release|Any CPU
		{F7958435-E980-4F65-BA68-1BEC6FC41D60}.Debug|Any CPU.ActiveCfg = Debug|Any CPU
		{F7958435-E980-4F65-BA68-1BEC6FC41D60}.Debug|Any CPU.Build.0 = Debug|Any CPU
		{F7958435-E980-4F65-BA68-1BEC6FC41D60}.Release|Any CPU.ActiveCfg = Release|Any CPU
		{F7958435-E980-4F65-BA68-1BEC6FC41D60}.Release|Any CPU.Build.0 = Release|Any CPU
	EndGlobalSection
	GlobalSection(SolutionProperties) = preSolution
		HideSolutionNode = FALSE
	EndGlobalSection
EndGlobal
